
Microsoft Visual Studio Solution File, Format Version 12.00
# Visual Studio Version 17
VisualStudioVersion = 17.8.34330.188
MinimumVisualStudioVersion = 10.0.40219.1
Project("{FAE04EC0-301F-11D3-BF4B-00C04F79EFBC}") = "DataMining.Lab", "DataMining.Lab.csproj", "{3F76866B-39F6-454B-995C-FF0E3309AEA4}"
EndProject
Global
	GlobalSection(SolutionConfigurationPlatforms) = preSolution
		Debug|Any CPU = Debug|Any CPU
		Release|Any CPU = Release|Any CPU
	EndGlobalSection
	GlobalSection(ProjectConfigurationPlatforms) = postSolution
		{3F76866B-39F6-454B-995C-FF0E3309AEA4}.Debug|Any CPU.ActiveCfg = Debug|Any CPU
		{3F76866B-39F6-454B-995C-FF0E3309AEA4}.Debug|Any CPU.Build.0 = Debug|Any CPU
		{3F76866B-39F6-454B-995C-FF0E3309AEA4}.Release|Any CPU.ActiveCfg = Release|Any CPU
		{3F76866B-39F6-454B-995C-FF0E3309AEA4}.Release|Any CPU.Build.0 = Release|Any CPU
	EndGlobalSection
	GlobalSection(SolutionProperties) = preSolution
		HideSolutionNode = FALSE
	EndGlobalSection
	GlobalSection(ExtensibilityGlobals) = postSolution
		SolutionGuid = {67F3CE98-8B0B-4E18-AEFF-E374EF368BFB}
	EndGlobalSection
EndGlobal
